<?xml version="1.0" encoding="utf-8"?>
<Project ToolsVersion="4.0" xmlns="http://schemas.microsoft.com/developer/msbuild/2003">
  <ItemGroup>
    <Filter Include="source">
      <UniqueIdentifier>{dccc814a-1ff9-4718-8d5e-b68ba78bebbb}</UniqueIdentifier>
      <Extensions>cpp;c;cxx;rc;def;r;odl;idl;hpj;bat</Extensions>
    </Filter>
    <Filter Include="source\GcLib">
      <UniqueIdentifier>{63411f7a-2e33-4086-932b-ec0b00668d4c}</UniqueIdentifier>
    </Filter>
    <Filter Include="source\GcLib\gstd">
      <UniqueIdentifier>{b1bf247d-0fdf-4f49-99c0-8947f0bf841f}</UniqueIdentifier>
    </Filter>
    <Filter Include="source\GcLib\directx">
      <UniqueIdentifier>{6c4c0adb-8310-4472-abbb-3f83d6acac74}</UniqueIdentifier>
    </Filter>
    <Filter Include="Resource Files">
      <UniqueIdentifier>{5729d24a-873a-4c5e-978c-e72543cec9d5}</UniqueIdentifier>
      <Extensions>ico;cur;bmp;dlg;rc2;rct;bin;rgs;gif;jpg;jpeg;jpe</Extensions>
    </Filter>
    <Filter Include="source\TouhouDanmakufu">
      <UniqueIdentifier>{3dae7227-f732-4ea1-bc86-51913aa36a91}</UniqueIdentifier>
    </Filter>
    <Filter Include="source\DnhConfig">
      <UniqueIdentifier>{dab9d5cc-ff30-46a7-86ec-0d4dda78796e}</UniqueIdentifier>
    </Filter>
    <Filter Include="submodules">
      <UniqueIdentifier>{025b7458-d639-4fcb-a3e0-9b69e4795ed9}</UniqueIdentifier>
    </Filter>
    <Filter Include="submodules\imgui">
      <UniqueIdentifier>{66a0d3ff-9d3b-4caa-b9df-d75b9e8f86b2}</UniqueIdentifier>
    </Filter>
    <Filter Include="submodules\imgui\backends">
      <UniqueIdentifier>{055bff95-bbda-4cf0-af35-b751bf640638}</UniqueIdentifier>
    </Filter>
  </ItemGroup>
  <ItemGroup>
    <ClCompile Include="source\GcLib\gstd\Application.cpp">
      <Filter>source\GcLib\gstd</Filter>
    </ClCompile>
    <ClCompile Include="source\GcLib\gstd\File.cpp">
      <Filter>source\GcLib\gstd</Filter>
    </ClCompile>
    <ClCompile Include="source\GcLib\gstd\GstdUtility.cpp">
      <Filter>source\GcLib\gstd</Filter>
    </ClCompile>
    <ClCompile Include="source\GcLib\gstd\Thread.cpp">
      <Filter>source\GcLib\gstd</Filter>
    </ClCompile>
    <ClCompile Include="source\GcLib\gstd\Window.cpp">
      <Filter>source\GcLib\gstd</Filter>
    </ClCompile>
    <ClCompile Include="source\GcLib\directx\DirectInput.cpp">
      <Filter>source\GcLib\directx</Filter>
    </ClCompile>
    <ClCompile Include="source\GcLib\pch.cpp">
      <Filter>source\GcLib</Filter>
    </ClCompile>
    <ClCompile Include="source\GcLib\gstd\Logger.cpp">
      <Filter>source\GcLib\gstd</Filter>
    </ClCompile>
    <ClCompile Include="source\GcLib\directx\ImGuiWindow.cpp">
      <Filter>source\GcLib\directx</Filter>
    </ClCompile>
    <ClCompile Include="source\GcLib\directx\DirectGraphicsBase.cpp">
      <Filter>source\GcLib\directx</Filter>
    </ClCompile>
    <ClCompile Include="source\GcLib\gstd\CpuInformation.cpp">
      <Filter>source\GcLib\gstd</Filter>
    </ClCompile>
    <ClCompile Include="source\TouhouDanmakufu\DnhCommon.cpp">
      <Filter>source\TouhouDanmakufu</Filter>
    </ClCompile>
    <ClCompile Include="source\TouhouDanmakufu\DnhConfiguration.cpp">
      <Filter>source\TouhouDanmakufu</Filter>
    </ClCompile>
    <ClCompile Include="source\TouhouDanmakufu\DnhGcLibImpl.cpp">
      <Filter>source\TouhouDanmakufu</Filter>
    </ClCompile>
    <ClCompile Include="source\DnhConfig\Common.cpp">
      <Filter>source\DnhConfig</Filter>
    </ClCompile>
    <ClCompile Include="source\DnhConfig\ControllerMap.cpp">
      <Filter>source\DnhConfig</Filter>
    </ClCompile>
    <ClCompile Include="source\DnhConfig\GcLibImpl.cpp">
      <Filter>source\DnhConfig</Filter>
    </ClCompile>
    <ClCompile Include="source\DnhConfig\MainWindow.cpp">
      <Filter>source\DnhConfig</Filter>
    </ClCompile>
    <ClCompile Include="source\DnhConfig\WinMain.cpp">
      <Filter>source\DnhConfig</Filter>
    </ClCompile>
    <ClCompile Include="submodules\imgui\imgui.cpp">
      <Filter>submodules\imgui</Filter>
    </ClCompile>
    <ClCompile Include="submodules\imgui\imgui_draw.cpp">
      <Filter>submodules\imgui</Filter>
    </ClCompile>
    <ClCompile Include="submodules\imgui\imgui_tables.cpp">
      <Filter>submodules\imgui</Filter>
    </ClCompile>
    <ClCompile Include="submodules\imgui\imgui_widgets.cpp">
      <Filter>submodules\imgui</Filter>
    </ClCompile>
    <ClCompile Include="submodules\imgui\backends\imgui_impl_dx9.cpp">
      <Filter>submodules\imgui\backends</Filter>
    </ClCompile>
    <ClCompile Include="submodules\imgui\backends\imgui_impl_win32.cpp">
      <Filter>submodules\imgui\backends</Filter>
    </ClCompile>
  </ItemGroup>
  <ItemGroup>
    <ClInclude Include="source\GcLib\gstd\Application.hpp">
      <Filter>source\GcLib\gstd</Filter>
    </ClInclude>
    <ClInclude Include="source\GcLib\gstd\File.hpp">
      <Filter>source\GcLib\gstd</Filter>
    </ClInclude>
    <ClInclude Include="source\GcLib\gstd\GstdLib.hpp">
      <Filter>source\GcLib\gstd</Filter>
    </ClInclude>
    <ClInclude Include="source\GcLib\gstd\GstdUtility.hpp">
      <Filter>source\GcLib\gstd</Filter>
    </ClInclude>
    <ClInclude Include="source\GcLib\gstd\SmartPointer.hpp">
      <Filter>source\GcLib\gstd</Filter>
    </ClInclude>
    <ClInclude Include="source\GcLib\gstd\Thread.hpp">
      <Filter>source\GcLib\gstd</Filter>
    </ClInclude>
    <ClInclude Include="source\GcLib\gstd\Window.hpp">
      <Filter>source\GcLib\gstd</Filter>
    </ClInclude>
    <ClInclude Include="source\GcLib\directx\DirectInput.hpp">
      <Filter>source\GcLib\directx</Filter>
    </ClInclude>
    <ClInclude Include="source\GcLib\directx\DxConstant.hpp">
      <Filter>source\GcLib\directx</Filter>
    </ClInclude>
    <ClInclude Include="source\GcLib\directx\DxLib.hpp">
      <Filter>source\GcLib\directx</Filter>
    </ClInclude>
    <ClInclude Include="source\GcLib\GcLib.hpp">
      <Filter>source\GcLib</Filter>
    </ClInclude>
    <ClInclude Include="source\GcLib\pch.h">
      <Filter>source\GcLib</Filter>
    </ClInclude>
    <ClInclude Include="source\GcLib\gstd\Logger.hpp">
      <Filter>source\GcLib\gstd</Filter>
    </ClInclude>
    <ClInclude Include="source\GcLib\directx\ImGuiWindow.hpp">
      <Filter>source\GcLib\directx</Filter>
    </ClInclude>
    <ClInclude Include="source\GcLib\directx\DxTypes.hpp">
      <Filter>source\GcLib\directx</Filter>
    </ClInclude>
    <ClInclude Include="source\GcLib\directx\DirectGraphicsBase.hpp">
      <Filter>source\GcLib\directx</Filter>
    </ClInclude>
    <ClInclude Include="source\GcLib\gstd\CpuInformation.hpp">
      <Filter>source\GcLib\gstd</Filter>
    </ClInclude>
    <ClInclude Include="source\GcLib\Types.hpp">
      <Filter>source\GcLib</Filter>
    </ClInclude>
    <ClInclude Include="source\TouhouDanmakufu\DnhCommon.hpp">
      <Filter>source\TouhouDanmakufu</Filter>
    </ClInclude>
    <ClInclude Include="source\TouhouDanmakufu\DnhConfiguration.hpp">
      <Filter>source\TouhouDanmakufu</Filter>
    </ClInclude>
    <ClInclude Include="source\TouhouDanmakufu\DnhConstant.hpp">
      <Filter>source\TouhouDanmakufu</Filter>
    </ClInclude>
    <ClInclude Include="source\TouhouDanmakufu\DnhGcLibImpl.hpp">
      <Filter>source\TouhouDanmakufu</Filter>
    </ClInclude>
    <ClInclude Include="source\DnhConfig\Common.hpp">
      <Filter>source\DnhConfig</Filter>
    </ClInclude>
    <ClInclude Include="source\DnhConfig\Constant.hpp">
      <Filter>source\DnhConfig</Filter>
    </ClInclude>
    <ClInclude Include="source\DnhConfig\ControllerMap.hpp">
      <Filter>source\DnhConfig</Filter>
    </ClInclude>
    <ClInclude Include="source\DnhConfig\GcLibImpl.hpp">
      <Filter>source\DnhConfig</Filter>
    </ClInclude>
    <ClInclude Include="source\DnhConfig\MainWindow.hpp">
      <Filter>source\DnhConfig</Filter>
    </ClInclude>
    <ClInclude Include="source\GcLib\directx\DxShapes.hpp">
      <Filter>source\GcLib\directx</Filter>
    </ClInclude>
  </ItemGroup>
  <ItemGroup>
    <ResourceCompile Include="source\DnhConfig\DnhConfig.rc">
      <Filter>source\DnhConfig</Filter>
    </ResourceCompile>
  </ItemGroup>
</Project>