<?xml version="1.0" encoding="utf-8"?>
<Project ToolsVersion="4.0" xmlns="http://schemas.microsoft.com/developer/msbuild/2003">
  <ItemGroup>
    <Filter Include="source">
      <UniqueIdentifier>{2b34c0f0-9a7b-42a4-ba17-490b9bfed9be}</UniqueIdentifier>
      <Extensions>cpp;c;cxx;rc;def;r;odl;idl;hpj;bat</Extensions>
    </Filter>
    <Filter Include="source\GcLib">
      <UniqueIdentifier>{16c0cad9-25d8-45a3-bebc-c90db548b1f8}</UniqueIdentifier>
    </Filter>
    <Filter Include="source\GcLib\gstd">
      <UniqueIdentifier>{f56d01f1-e85a-495c-ad81-5a2b58273867}</UniqueIdentifier>
    </Filter>
    <Filter Include="Resource Files">
      <UniqueIdentifier>{35d6466c-4cc9-44a9-9a12-82b09b4df1c4}</UniqueIdentifier>
      <Extensions>ico;cur;bmp;dlg;rc2;rct;bin;rgs;gif;jpg;jpeg;jpe</Extensions>
    </Filter>
  </ItemGroup>
  <ItemGroup>
    <ClCompile Include="source\FileArchiver\LibImpl.cpp">
      <Filter>source</Filter>
    </ClCompile>
    <ClCompile Include="source\FileArchiver\MainWindow.cpp">
      <Filter>source</Filter>
    </ClCompile>
    <ClCompile Include="source\FileArchiver\WinMain.cpp">
      <Filter>source</Filter>
    </ClCompile>
    <ClCompile Include="source\GcLib\gstd\Application.cpp">
      <Filter>source\GcLib\gstd</Filter>
    </ClCompile>
    <ClCompile Include="source\GcLib\gstd\ArchiveFile.cpp">
      <Filter>source\GcLib\gstd</Filter>
    </ClCompile>
    <ClCompile Include="source\GcLib\gstd\File.cpp">
      <Filter>source\GcLib\gstd</Filter>
    </ClCompile>
    <ClCompile Include="source\GcLib\gstd\GstdUtility.cpp">
      <Filter>source\GcLib\gstd</Filter>
    </ClCompile>
    <ClCompile Include="source\GcLib\gstd\Logger.cpp">
      <Filter>source\GcLib\gstd</Filter>
    </ClCompile>
    <ClCompile Include="source\GcLib\gstd\Task.cpp">
      <Filter>source\GcLib\gstd</Filter>
    </ClCompile>
    <ClCompile Include="source\GcLib\gstd\Thread.cpp">
      <Filter>source\GcLib\gstd</Filter>
    </ClCompile>
    <ClCompile Include="source\GcLib\gstd\Window.cpp">
      <Filter>source\GcLib\gstd</Filter>
    </ClCompile>
    <ClCompile Include="source\GcLib\pch.cpp">
      <Filter>source\GcLib</Filter>
    </ClCompile>
  </ItemGroup>
  <ItemGroup>
    <ClInclude Include="source\FileArchiver\Constant.hpp">
      <Filter>source</Filter>
    </ClInclude>
    <ClInclude Include="source\FileArchiver\LibImpl.hpp">
      <Filter>source</Filter>
    </ClInclude>
    <ClInclude Include="source\FileArchiver\MainWindow.hpp">
      <Filter>source</Filter>
    </ClInclude>
    <ClInclude Include="source\GcLib\gstd\Application.hpp">
      <Filter>source\GcLib\gstd</Filter>
    </ClInclude>
    <ClInclude Include="source\GcLib\gstd\ArchiveFile.h">
      <Filter>source\GcLib\gstd</Filter>
    </ClInclude>
    <ClInclude Include="source\GcLib\gstd\File.hpp">
      <Filter>source\GcLib\gstd</Filter>
    </ClInclude>
    <ClInclude Include="source\GcLib\gstd\GstdLib.hpp">
      <Filter>source\GcLib\gstd</Filter>
    </ClInclude>
    <ClInclude Include="source\GcLib\gstd\GstdUtility.hpp">
      <Filter>source\GcLib\gstd</Filter>
    </ClInclude>
    <ClInclude Include="source\GcLib\gstd\Logger.hpp">
      <Filter>source\GcLib\gstd</Filter>
    </ClInclude>
    <ClInclude Include="source\GcLib\gstd\SmartPointer.hpp">
      <Filter>source\GcLib\gstd</Filter>
    </ClInclude>
    <ClInclude Include="source\GcLib\gstd\Task.hpp">
      <Filter>source\GcLib\gstd</Filter>
    </ClInclude>
    <ClInclude Include="source\GcLib\gstd\Thread.hpp">
      <Filter>source\GcLib\gstd</Filter>
    </ClInclude>
    <ClInclude Include="source\GcLib\gstd\Window.hpp">
      <Filter>source\GcLib\gstd</Filter>
    </ClInclude>
    <ClInclude Include="source\FileArchiver\resource.h">
      <Filter>Resource Files</Filter>
    </ClInclude>
    <ClInclude Include="source\GcLib\pch.h">
      <Filter>source\GcLib</Filter>
    </ClInclude>
  </ItemGroup>
  <ItemGroup>
    <ResourceCompile Include="source\FileArchiver\FileArchiver.rc">
      <Filter>source</Filter>
    </ResourceCompile>
  </ItemGroup>
  <ItemGroup>
    <Image Include="source\FileArchiver\icon.ico">
      <Filter>Resource Files</Filter>
    </Image>
  </ItemGroup>
</Project>